
Microsoft Visual Studio Solution File, Format Version 12.00
# Visual Studio 2012
Project("{FAE04EC0-301F-11D3-BF4B-00C04F79EFBC}") = "LargeNumberConverter", "LargeNumberConverter\LargeNumberConverter.csproj", "{DDA81110-1D54-4859-A91E-838AD4BFFBE4}"
EndProject
Project("{FAE04EC0-301F-11D3-BF4B-00C04F79EFBC}") = "LargeNumberConverterTests", "LargeNumberConverterTests\LargeNumberConverterTests.csproj", "{B815BC1F-3686-4D29-ADFC-73C9D6B32EA0}"
EndProject
Global
	GlobalSection(SolutionConfigurationPlatforms) = preSolution
		Debug|Any CPU = Debug|Any CPU
		Release|Any CPU = Release|Any CPU
	EndGlobalSection
	GlobalSection(ProjectConfigurationPlatforms) = postSolution
		{DDA81110-1D54-4859-A91E-838AD4BFFBE4}.Debug|Any CPU.ActiveCfg = Debug|Any CPU
		{DDA81110-1D54-4859-A91E-838AD4BFFBE4}.Debug|Any CPU.Build.0 = Debug|Any CPU
		{DDA81110-1D54-4859-A91E-838AD4BFFBE4}.Release|Any CPU.ActiveCfg = Release|Any CPU
		{DDA81110-1D54-4859-A91E-838AD4BFFBE4}.Release|Any CPU.Build.0 = Release|Any CPU
		{B815BC1F-3686-4D29-ADFC-73C9D6B32EA0}.Debug|Any CPU.ActiveCfg = Debug|Any CPU
		{B815BC1F-3686-4D29-ADFC-73C9D6B32EA0}.Debug|Any CPU.Build.0 = Debug|Any CPU
		{B815BC1F-3686-4D29-ADFC-73C9D6B32EA0}.Release|Any CPU.ActiveCfg = Release|Any CPU
		{B815BC1F-3686-4D29-ADFC-73C9D6B32EA0}.Release|Any CPU.Build.0 = Release|Any CPU
	EndGlobalSection
	GlobalSection(SolutionProperties) = preSolution
		HideSolutionNode = FALSE
	EndGlobalSection
EndGlobal
